
Microsoft Visual Studio Solution File, Format Version 12.00
# Visual Studio Version 16
VisualStudioVersion = 16.0.31321.278
MinimumVisualStudioVersion = 10.0.40219.1
Project("{FAE04EC0-301F-11D3-BF4B-00C04F79EFBC}") = "HolidayDatabase", "HolidayDatabase\HolidayDatabase.csproj", "{53553C0A-CEAF-4BDD-8069-7207E9260988}"
EndProject
Global
	GlobalSection(SolutionConfigurationPlatforms) = preSolution
		Debug|Any CPU = Debug|Any CPU
		Release|Any CPU = Release|Any CPU
	EndGlobalSection
	GlobalSection(ProjectConfigurationPlatforms) = postSolution
		{53553C0A-CEAF-4BDD-8069-7207E9260988}.Debug|Any CPU.ActiveCfg = Debug|Any CPU
		{53553C0A-CEAF-4BDD-8069-7207E9260988}.Debug|Any CPU.Build.0 = Debug|Any CPU
		{53553C0A-CEAF-4BDD-8069-7207E9260988}.Release|Any CPU.ActiveCfg = Release|Any CPU
		{53553C0A-CEAF-4BDD-8069-7207E9260988}.Release|Any CPU.Build.0 = Release|Any CPU
	EndGlobalSection
	GlobalSection(SolutionProperties) = preSolution
		HideSolutionNode = FALSE
	EndGlobalSection
	GlobalSection(ExtensibilityGlobals) = postSolution
		SolutionGuid = {B0C030AD-5085-4CDE-9941-40A2D108B1CE}
	EndGlobalSection
EndGlobal
